
Microsoft Visual Studio Solution File, Format Version 12.00
# Visual Studio Version 17
VisualStudioVersion = 17.11.35303.130
MinimumVisualStudioVersion = 10.0.40219.1
Project("{FAE04EC0-301F-11D3-BF4B-00C04F79EFBC}") = "FinalFrontPage", "FinalFrontPage\FinalFrontPage.csproj", "{73D705E5-6300-499A-974E-F975D09EAA60}"
EndProject
Global
	GlobalSection(SolutionConfigurationPlatforms) = preSolution
		Debug|Any CPU = Debug|Any CPU
		Release|Any CPU = Release|Any CPU
	EndGlobalSection
	GlobalSection(ProjectConfigurationPlatforms) = postSolution
		{73D705E5-6300-499A-974E-F975D09EAA60}.Debug|Any CPU.ActiveCfg = Debug|Any CPU
		{73D705E5-6300-499A-974E-F975D09EAA60}.Debug|Any CPU.Build.0 = Debug|Any CPU
		{73D705E5-6300-499A-974E-F975D09EAA60}.Release|Any CPU.ActiveCfg = Release|Any CPU
		{73D705E5-6300-499A-974E-F975D09EAA60}.Release|Any CPU.Build.0 = Release|Any CPU
	EndGlobalSection
	GlobalSection(SolutionProperties) = preSolution
		HideSolutionNode = FALSE
	EndGlobalSection
	GlobalSection(ExtensibilityGlobals) = postSolution
		SolutionGuid = {FA248F1C-E346-4EF2-BB9E-3A29F62271CE}
	EndGlobalSection
EndGlobal
